
Microsoft Visual Studio Solution File, Format Version 12.00
# Visual Studio Version 17
VisualStudioVersion = 17.12.35527.113 d17.12
MinimumVisualStudioVersion = 10.0.40219.1
Project("{FAE04EC0-301F-11D3-BF4B-00C04F79EFBC}") = "StudentManagementApp.UI", "StudentManagementApp.UI\StudentManagementApp.UI.csproj", "{357A75AB-B7B8-4282-A7ED-13F7412A9435}"
EndProject
Project("{FAE04EC0-301F-11D3-BF4B-00C04F79EFBC}") = "StudentManagementApp.BLL", "StudentManagementApp.BLL\StudentManagementApp.BLL.csproj", "{A4825C9A-7142-4B69-B011-48A5E37FFF62}"
EndProject
Project("{FAE04EC0-301F-11D3-BF4B-00C04F79EFBC}") = "StudentManagementApp.DAL", "StudentManagementApp.DAL\StudentManagementApp.DAL.csproj", "{FDEC98B3-DF76-4536-B39A-13D9EEDAE803}"
EndProject
Global
	GlobalSection(SolutionConfigurationPlatforms) = preSolution
		Debug|Any CPU = Debug|Any CPU
		Release|Any CPU = Release|Any CPU
	EndGlobalSection
	GlobalSection(ProjectConfigurationPlatforms) = postSolution
		{357A75AB-B7B8-4282-A7ED-13F7412A9435}.Debug|Any CPU.ActiveCfg = Debug|Any CPU
		{357A75AB-B7B8-4282-A7ED-13F7412A9435}.Debug|Any CPU.Build.0 = Debug|Any CPU
		{357A75AB-B7B8-4282-A7ED-13F7412A9435}.Release|Any CPU.ActiveCfg = Release|Any CPU
		{357A75AB-B7B8-4282-A7ED-13F7412A9435}.Release|Any CPU.Build.0 = Release|Any CPU
		{A4825C9A-7142-4B69-B011-48A5E37FFF62}.Debug|Any CPU.ActiveCfg = Debug|Any CPU
		{A4825C9A-7142-4B69-B011-48A5E37FFF62}.Debug|Any CPU.Build.0 = Debug|Any CPU
		{A4825C9A-7142-4B69-B011-48A5E37FFF62}.Release|Any CPU.ActiveCfg = Release|Any CPU
		{A4825C9A-7142-4B69-B011-48A5E37FFF62}.Release|Any CPU.Build.0 = Release|Any CPU
		{FDEC98B3-DF76-4536-B39A-13D9EEDAE803}.Debug|Any CPU.ActiveCfg = Debug|Any CPU
		{FDEC98B3-DF76-4536-B39A-13D9EEDAE803}.Debug|Any CPU.Build.0 = Debug|Any CPU
		{FDEC98B3-DF76-4536-B39A-13D9EEDAE803}.Release|Any CPU.ActiveCfg = Release|Any CPU
		{FDEC98B3-DF76-4536-B39A-13D9EEDAE803}.Release|Any CPU.Build.0 = Release|Any CPU
	EndGlobalSection
	GlobalSection(SolutionProperties) = preSolution
		HideSolutionNode = FALSE
	EndGlobalSection
EndGlobal
